// !$*UTF8*$!
{
	archiveVersion = 1;
	classes = {
	};
	objectVersion = 55;
	objects = {

/* Begin PBXBuildFile section */
		7E11938B283881AE00DAAC6C /* QuestPageView.swift in Sources */ = {isa = PBXBuildFile; fileRef = 7E11938A283881AE00DAAC6C /* QuestPageView.swift */; };
		7E11938E28388AB600DAAC6C /* Corners.swift in Sources */ = {isa = PBXBuildFile; fileRef = 7E11938D28388AB600DAAC6C /* Corners.swift */; };
		7E1193912838A13000DAAC6C /* QuestModel.swift in Sources */ = {isa = PBXBuildFile; fileRef = 7E1193902838A13000DAAC6C /* QuestModel.swift */; };
		7E1193942838A5E300DAAC6C /* QuestData.swift in Sources */ = {isa = PBXBuildFile; fileRef = 7E1193932838A5E300DAAC6C /* QuestData.swift */; };
		7E1193962838BB6100DAAC6C /* DetailQuestView.swift in Sources */ = {isa = PBXBuildFile; fileRef = 7E1193952838BB6100DAAC6C /* DetailQuestView.swift */; };
		7E1193982838D5AC00DAAC6C /* BadgePageView.swift in Sources */ = {isa = PBXBuildFile; fileRef = 7E1193972838D5AC00DAAC6C /* BadgePageView.swift */; };
		7E11939C2838EADE00DAAC6C /* DetailBadgeView.swift in Sources */ = {isa = PBXBuildFile; fileRef = 7E11939B2838EADE00DAAC6C /* DetailBadgeView.swift */; };
		7E11939E2838F51C00DAAC6C /* VerifiedQuestView.swift in Sources */ = {isa = PBXBuildFile; fileRef = 7E11939D2838F51C00DAAC6C /* VerifiedQuestView.swift */; };
		7E1193A02838FF8700DAAC6C /* FailedQuestPage.swift in Sources */ = {isa = PBXBuildFile; fileRef = 7E11939F2838FF8700DAAC6C /* FailedQuestPage.swift */; };
		7E1193C22839D6FB00DAAC6C /* CustomColor.swift in Sources */ = {isa = PBXBuildFile; fileRef = 7E1193C12839D6FB00DAAC6C /* CustomColor.swift */; };
		7E8223A6282FD6B200B7B767 /* McEatApp.swift in Sources */ = {isa = PBXBuildFile; fileRef = 7E8223A5282FD6B200B7B767 /* McEatApp.swift */; };
		7E8223AA282FD6B300B7B767 /* Assets.xcassets in Resources */ = {isa = PBXBuildFile; fileRef = 7E8223A9282FD6B300B7B767 /* Assets.xcassets */; };
		7E8223AD282FD6B300B7B767 /* Preview Assets.xcassets in Resources */ = {isa = PBXBuildFile; fileRef = 7E8223AC282FD6B300B7B767 /* Preview Assets.xcassets */; };
		7E8223B6282FE5E700B7B767 /* MainView.swift in Sources */ = {isa = PBXBuildFile; fileRef = 7E8223B5282FE5E700B7B767 /* MainView.swift */; };
		7E998CD92837793200E00DB9 /* ScanpageView.swift in Sources */ = {isa = PBXBuildFile; fileRef = 7E998CD82837793200E00DB9 /* ScanpageView.swift */; };
		7E998CDB2837798200E00DB9 /* McEatDetector.mlmodel in Sources */ = {isa = PBXBuildFile; fileRef = 7E998CDA2837798200E00DB9 /* McEatDetector.mlmodel */; };
/* End PBXBuildFile section */

/* Begin PBXFileReference section */
		210DCDC728322D5A00A68637 /* Info.plist */ = {isa = PBXFileReference; lastKnownFileType = text.plist; path = Info.plist; sourceTree = "<group>"; };
		7E11938A283881AE00DAAC6C /* QuestPageView.swift */ = {isa = PBXFileReference; lastKnownFileType = sourcecode.swift; path = QuestPageView.swift; sourceTree = "<group>"; };
		7E11938D28388AB600DAAC6C /* Corners.swift */ = {isa = PBXFileReference; lastKnownFileType = sourcecode.swift; path = Corners.swift; sourceTree = "<group>"; };
		7E1193902838A13000DAAC6C /* QuestModel.swift */ = {isa = PBXFileReference; lastKnownFileType = sourcecode.swift; path = QuestModel.swift; sourceTree = "<group>"; };
		7E1193932838A5E300DAAC6C /* QuestData.swift */ = {isa = PBXFileReference; lastKnownFileType = sourcecode.swift; path = QuestData.swift; sourceTree = "<group>"; };
		7E1193952838BB6100DAAC6C /* DetailQuestView.swift */ = {isa = PBXFileReference; lastKnownFileType = sourcecode.swift; path = DetailQuestView.swift; sourceTree = "<group>"; };
		7E1193972838D5AC00DAAC6C /* BadgePageView.swift */ = {isa = PBXFileReference; lastKnownFileType = sourcecode.swift; path = BadgePageView.swift; sourceTree = "<group>"; };
		7E11939B2838EADE00DAAC6C /* DetailBadgeView.swift */ = {isa = PBXFileReference; lastKnownFileType = sourcecode.swift; path = DetailBadgeView.swift; sourceTree = "<group>"; };
		7E11939D2838F51C00DAAC6C /* VerifiedQuestView.swift */ = {isa = PBXFileReference; lastKnownFileType = sourcecode.swift; path = VerifiedQuestView.swift; sourceTree = "<group>"; };
		7E11939F2838FF8700DAAC6C /* FailedQuestPage.swift */ = {isa = PBXFileReference; lastKnownFileType = sourcecode.swift; path = FailedQuestPage.swift; sourceTree = "<group>"; };
		7E1193C12839D6FB00DAAC6C /* CustomColor.swift */ = {isa = PBXFileReference; lastKnownFileType = sourcecode.swift; path = CustomColor.swift; sourceTree = "<group>"; };
		7E8223A2282FD6B200B7B767 /* McEat.app */ = {isa = PBXFileReference; explicitFileType = wrapper.application; includeInIndex = 0; path = McEat.app; sourceTree = BUILT_PRODUCTS_DIR; };
		7E8223A5282FD6B200B7B767 /* McEatApp.swift */ = {isa = PBXFileReference; lastKnownFileType = sourcecode.swift; path = McEatApp.swift; sourceTree = "<group>"; };
		7E8223A9282FD6B300B7B767 /* Assets.xcassets */ = {isa = PBXFileReference; lastKnownFileType = folder.assetcatalog; path = Assets.xcassets; sourceTree = "<group>"; };
		7E8223AC282FD6B300B7B767 /* Preview Assets.xcassets */ = {isa = PBXFileReference; lastKnownFileType = folder.assetcatalog; path = "Preview Assets.xcassets"; sourceTree = "<group>"; };
		7E8223B5282FE5E700B7B767 /* MainView.swift */ = {isa = PBXFileReference; lastKnownFileType = sourcecode.swift; path = MainView.swift; sourceTree = "<group>"; };
		7E998CD82837793200E00DB9 /* ScanpageView.swift */ = {isa = PBXFileReference; lastKnownFileType = sourcecode.swift; path = ScanpageView.swift; sourceTree = "<group>"; };
		7E998CDA2837798200E00DB9 /* McEatDetector.mlmodel */ = {isa = PBXFileReference; lastKnownFileType = file.mlmodel; path = McEatDetector.mlmodel; sourceTree = "<group>"; };
/* End PBXFileReference section */

/* Begin PBXFrameworksBuildPhase section */
		7E82239F282FD6B200B7B767 /* Frameworks */ = {
			isa = PBXFrameworksBuildPhase;
			buildActionMask = 2147483647;
			files = (
			);
			runOnlyForDeploymentPostprocessing = 0;
		};
/* End PBXFrameworksBuildPhase section */

/* Begin PBXGroup section */
		7E11938C28388A9C00DAAC6C /* CustomView */ = {
			isa = PBXGroup;
			children = (
				7E1193C12839D6FB00DAAC6C /* CustomColor.swift */,
				7E11938D28388AB600DAAC6C /* Corners.swift */,
			);
			path = CustomView;
			sourceTree = "<group>";
		};
		7E11938F2838A12200DAAC6C /* Model */ = {
			isa = PBXGroup;
			children = (
				7E1193902838A13000DAAC6C /* QuestModel.swift */,
			);
			path = Model;
			sourceTree = "<group>";
		};
		7E1193922838A59000DAAC6C /* DummyData */ = {
			isa = PBXGroup;
			children = (
				7E1193932838A5E300DAAC6C /* QuestData.swift */,
			);
			path = DummyData;
			sourceTree = "<group>";
		};
		7E822399282FD6B200B7B767 = {
			isa = PBXGroup;
			children = (
				7E8223A4282FD6B200B7B767 /* McEat */,
				7E8223A3282FD6B200B7B767 /* Products */,
			);
			sourceTree = "<group>";
		};
		7E8223A3282FD6B200B7B767 /* Products */ = {
			isa = PBXGroup;
			children = (
				7E8223A2282FD6B200B7B767 /* McEat.app */,
			);
			name = Products;
			sourceTree = "<group>";
		};
		7E8223A4282FD6B200B7B767 /* McEat */ = {
			isa = PBXGroup;
			children = (
				7E1193922838A59000DAAC6C /* DummyData */,
				7E11938F2838A12200DAAC6C /* Model */,
				7E11938C28388A9C00DAAC6C /* CustomView */,
				210DCDC728322D5A00A68637 /* Info.plist */,
				7E8223A5282FD6B200B7B767 /* McEatApp.swift */,
				7E8223B5282FE5E700B7B767 /* MainView.swift */,
				7E998CD82837793200E00DB9 /* ScanpageView.swift */,
				7E11938A283881AE00DAAC6C /* QuestPageView.swift */,
				7E1193952838BB6100DAAC6C /* DetailQuestView.swift */,
				7E1193972838D5AC00DAAC6C /* BadgePageView.swift */,
				7E11939B2838EADE00DAAC6C /* DetailBadgeView.swift */,
				7E11939D2838F51C00DAAC6C /* VerifiedQuestView.swift */,
				7E11939F2838FF8700DAAC6C /* FailedQuestPage.swift */,
				7E8223A9282FD6B300B7B767 /* Assets.xcassets */,
				7E998CDA2837798200E00DB9 /* McEatDetector.mlmodel */,
				7E8223AB282FD6B300B7B767 /* Preview Content */,
			);
			path = McEat;
			sourceTree = "<group>";
		};
		7E8223AB282FD6B300B7B767 /* Preview Content */ = {
			isa = PBXGroup;
			children = (
				7E8223AC282FD6B300B7B767 /* Preview Assets.xcassets */,
			);
			path = "Preview Content";
			sourceTree = "<group>";
		};
/* End PBXGroup section */

/* Begin PBXNativeTarget section */
		7E8223A1282FD6B200B7B767 /* McEat */ = {
			isa = PBXNativeTarget;
			buildConfigurationList = 7E8223B0282FD6B300B7B767 /* Build configuration list for PBXNativeTarget "McEat" */;
			buildPhases = (
				7E82239E282FD6B200B7B767 /* Sources */,
				7E82239F282FD6B200B7B767 /* Frameworks */,
				7E8223A0282FD6B200B7B767 /* Resources */,
			);
			buildRules = (
			);
			dependencies = (
			);
			name = McEat;
			productName = McEat;
			productReference = 7E8223A2282FD6B200B7B767 /* McEat.app */;
			productType = "com.apple.product-type.application";
		};
/* End PBXNativeTarget section */

/* Begin PBXProject section */
		7E82239A282FD6B200B7B767 /* Project object */ = {
			isa = PBXProject;
			attributes = {
				BuildIndependentTargetsInParallel = 1;
				LastSwiftUpdateCheck = 1330;
				LastUpgradeCheck = 1330;
				TargetAttributes = {
					7E8223A1282FD6B200B7B767 = {
						CreatedOnToolsVersion = 13.3.1;
					};
				};
			};
			buildConfigurationList = 7E82239D282FD6B200B7B767 /* Build configuration list for PBXProject "McEat" */;
			compatibilityVersion = "Xcode 13.0";
			developmentRegion = en;
			hasScannedForEncodings = 0;
			knownRegions = (
				en,
				Base,
			);
			mainGroup = 7E822399282FD6B200B7B767;
			productRefGroup = 7E8223A3282FD6B200B7B767 /* Products */;
			projectDirPath = "";
			projectRoot = "";
			targets = (
				7E8223A1282FD6B200B7B767 /* McEat */,
			);
		};
/* End PBXProject section */

/* Begin PBXResourcesBuildPhase section */
		7E8223A0282FD6B200B7B767 /* Resources */ = {
			isa = PBXResourcesBuildPhase;
			buildActionMask = 2147483647;
			files = (
				7E8223AD282FD6B300B7B767 /* Preview Assets.xcassets in Resources */,
				7E8223AA282FD6B300B7B767 /* Assets.xcassets in Resources */,
			);
			runOnlyForDeploymentPostprocessing = 0;
		};
/* End PBXResourcesBuildPhase section */

/* Begin PBXSourcesBuildPhase section */
		7E82239E282FD6B200B7B767 /* Sources */ = {
			isa = PBXSourcesBuildPhase;
			buildActionMask = 2147483647;
			files = (
				7E11938B283881AE00DAAC6C /* QuestPageView.swift in Sources */,
				7E1193982838D5AC00DAAC6C /* BadgePageView.swift in Sources */,
				7E1193962838BB6100DAAC6C /* DetailQuestView.swift in Sources */,
				7E1193912838A13000DAAC6C /* QuestModel.swift in Sources */,
				7E11938E28388AB600DAAC6C /* Corners.swift in Sources */,
				7E1193942838A5E300DAAC6C /* QuestData.swift in Sources */,
				7E1193C22839D6FB00DAAC6C /* CustomColor.swift in Sources */,
				7E8223B6282FE5E700B7B767 /* MainView.swift in Sources */,
				7E998CDB2837798200E00DB9 /* McEatDetector.mlmodel in Sources */,
				7E1193A02838FF8700DAAC6C /* FailedQuestPage.swift in Sources */,
				7E11939C2838EADE00DAAC6C /* DetailBadgeView.swift in Sources */,
				7E11939E2838F51C00DAAC6C /* VerifiedQuestView.swift in Sources */,
				7E8223A6282FD6B200B7B767 /* McEatApp.swift in Sources */,
				7E998CD92837793200E00DB9 /* ScanpageView.swift in Sources */,
			);
			runOnlyForDeploymentPostprocessing = 0;
		};
/* End PBXSourcesBuildPhase section */

/* Begin XCBuildConfiguration section */
		7E8223AE282FD6B300B7B767 /* Debug */ = {
			isa = XCBuildConfiguration;
			buildSettings = {
				ALWAYS_SEARCH_USER_PATHS = NO;
				CLANG_ANALYZER_NONNULL = YES;
				CLANG_ANALYZER_NUMBER_OBJECT_CONVERSION = YES_AGGRESSIVE;
				CLANG_CXX_LANGUAGE_STANDARD = "gnu++17";
				CLANG_ENABLE_MODULES = YES;
				CLANG_ENABLE_OBJC_ARC = YES;
				CLANG_ENABLE_OBJC_WEAK = YES;
				CLANG_WARN_BLOCK_CAPTURE_AUTORELEASING = YES;
				CLANG_WARN_BOOL_CONVERSION = YES;
				CLANG_WARN_COMMA = YES;
				CLANG_WARN_CONSTANT_CONVERSION = YES;
				CLANG_WARN_DEPRECATED_OBJC_IMPLEMENTATIONS = YES;
				CLANG_WARN_DIRECT_OBJC_ISA_USAGE = YES_ERROR;
				CLANG_WARN_DOCUMENTATION_COMMENTS = YES;
				CLANG_WARN_EMPTY_BODY = YES;
				CLANG_WARN_ENUM_CONVERSION = YES;
				CLANG_WARN_INFINITE_RECURSION = YES;
				CLANG_WARN_INT_CONVERSION = YES;
				CLANG_WARN_NON_LITERAL_NULL_CONVERSION = YES;
				CLANG_WARN_OBJC_IMPLICIT_RETAIN_SELF = YES;
				CLANG_WARN_OBJC_LITERAL_CONVERSION = YES;
				CLANG_WARN_OBJC_ROOT_CLASS = YES_ERROR;
				CLANG_WARN_QUOTED_INCLUDE_IN_FRAMEWORK_HEADER = YES;
				CLANG_WARN_RANGE_LOOP_ANALYSIS = YES;
				CLANG_WARN_STRICT_PROTOTYPES = YES;
				CLANG_WARN_SUSPICIOUS_MOVE = YES;
				CLANG_WARN_UNGUARDED_AVAILABILITY = YES_AGGRESSIVE;
				CLANG_WARN_UNREACHABLE_CODE = YES;
				CLANG_WARN__DUPLICATE_METHOD_MATCH = YES;
				COPY_PHASE_STRIP = NO;
				DEBUG_INFORMATION_FORMAT = dwarf;
				ENABLE_STRICT_OBJC_MSGSEND = YES;
				ENABLE_TESTABILITY = YES;
				GCC_C_LANGUAGE_STANDARD = gnu11;
				GCC_DYNAMIC_NO_PIC = NO;
				GCC_NO_COMMON_BLOCKS = YES;
				GCC_OPTIMIZATION_LEVEL = 0;
				GCC_PREPROCESSOR_DEFINITIONS = (
					"DEBUG=1",
					"$(inherited)",
				);
				GCC_WARN_64_TO_32_BIT_CONVERSION = YES;
				GCC_WARN_ABOUT_RETURN_TYPE = YES_ERROR;
				GCC_WARN_UNDECLARED_SELECTOR = YES;
				GCC_WARN_UNINITIALIZED_AUTOS = YES_AGGRESSIVE;
				GCC_WARN_UNUSED_FUNCTION = YES;
				GCC_WARN_UNUSED_VARIABLE = YES;
				IPHONEOS_DEPLOYMENT_TARGET = 15.4;
				MTL_ENABLE_DEBUG_INFO = INCLUDE_SOURCE;
				MTL_FAST_MATH = YES;
				ONLY_ACTIVE_ARCH = YES;
				SDKROOT = iphoneos;
				SWIFT_ACTIVE_COMPILATION_CONDITIONS = DEBUG;
				SWIFT_OPTIMIZATION_LEVEL = "-Onone";
			};
			name = Debug;
		};
		7E8223AF282FD6B300B7B767 /* Release */ = {
			isa = XCBuildConfiguration;
			buildSettings = {
				ALWAYS_SEARCH_USER_PATHS = NO;
				CLANG_ANALYZER_NONNULL = YES;
				CLANG_ANALYZER_NUMBER_OBJECT_CONVERSION = YES_AGGRESSIVE;
				CLANG_CXX_LANGUAGE_STANDARD = "gnu++17";
				CLANG_ENABLE_MODULES = YES;
				CLANG_ENABLE_OBJC_ARC = YES;
				CLANG_ENABLE_OBJC_WEAK = YES;
				CLANG_WARN_BLOCK_CAPTURE_AUTORELEASING = YES;
				CLANG_WARN_BOOL_CONVERSION = YES;
				CLANG_WARN_COMMA = YES;
				CLANG_WARN_CONSTANT_CONVERSION = YES;
				CLANG_WARN_DEPRECATED_OBJC_IMPLEMENTATIONS = YES;
				CLANG_WARN_DIRECT_OBJC_ISA_USAGE = YES_ERROR;
				CLANG_WARN_DOCUMENTATION_COMMENTS = YES;
				CLANG_WARN_EMPTY_BODY = YES;
				CLANG_WARN_ENUM_CONVERSION = YES;
				CLANG_WARN_INFINITE_RECURSION = YES;
				CLANG_WARN_INT_CONVERSION = YES;
				CLANG_WARN_NON_LITERAL_NULL_CONVERSION = YES;
				CLANG_WARN_OBJC_IMPLICIT_RETAIN_SELF = YES;
				CLANG_WARN_OBJC_LITERAL_CONVERSION = YES;
				CLANG_WARN_OBJC_ROOT_CLASS = YES_ERROR;
				CLANG_WARN_QUOTED_INCLUDE_IN_FRAMEWORK_HEADER = YES;
				CLANG_WARN_RANGE_LOOP_ANALYSIS = YES;
				CLANG_WARN_STRICT_PROTOTYPES = YES;
				CLANG_WARN_SUSPICIOUS_MOVE = YES;
				CLANG_WARN_UNGUARDED_AVAILABILITY = YES_AGGRESSIVE;
				CLANG_WARN_UNREACHABLE_CODE = YES;
				CLANG_WARN__DUPLICATE_METHOD_MATCH = YES;
				COPY_PHASE_STRIP = NO;
				DEBUG_INFORMATION_FORMAT = "dwarf-with-dsym";
				ENABLE_NS_ASSERTIONS = NO;
				ENABLE_STRICT_OBJC_MSGSEND = YES;
				GCC_C_LANGUAGE_STANDARD = gnu11;
				GCC_NO_COMMON_BLOCKS = YES;
				GCC_WARN_64_TO_32_BIT_CONVERSION = YES;
				GCC_WARN_ABOUT_RETURN_TYPE = YES_ERROR;
				GCC_WARN_UNDECLARED_SELECTOR = YES;
				GCC_WARN_UNINITIALIZED_AUTOS = YES_AGGRESSIVE;
				GCC_WARN_UNUSED_FUNCTION = YES;
				GCC_WARN_UNUSED_VARIABLE = YES;
				IPHONEOS_DEPLOYMENT_TARGET = 15.4;
				MTL_ENABLE_DEBUG_INFO = NO;
				MTL_FAST_MATH = YES;
				SDKROOT = iphoneos;
				SWIFT_COMPILATION_MODE = wholemodule;
				SWIFT_OPTIMIZATION_LEVEL = "-O";
				VALIDATE_PRODUCT = YES;
			};
			name = Release;
		};
		7E8223B1282FD6B300B7B767 /* Debug */ = {
			isa = XCBuildConfiguration;
			buildSettings = {
				ASSETCATALOG_COMPILER_APPICON_NAME = AppIcon;
				ASSETCATALOG_COMPILER_GLOBAL_ACCENT_COLOR_NAME = AccentColor;
				CODE_SIGN_STYLE = Automatic;
				CURRENT_PROJECT_VERSION = 1;
				DEVELOPMENT_ASSET_PATHS = "\"McEat/Preview Content\"";
				DEVELOPMENT_TEAM = 3F8C4P2T95;
				ENABLE_PREVIEWS = YES;
				GENERATE_INFOPLIST_FILE = YES;
				INFOPLIST_FILE = McEat/Info.plist;
				INFOPLIST_KEY_NSCameraUsageDescription = "we need to use the camera";
				INFOPLIST_KEY_NSPhotoLibraryUsageDescription = "we need to use library";
				INFOPLIST_KEY_UIApplicationSceneManifest_Generation = YES;
				INFOPLIST_KEY_UIApplicationSupportsIndirectInputEvents = YES;
				INFOPLIST_KEY_UILaunchScreen_Generation = YES;
				INFOPLIST_KEY_UISupportedInterfaceOrientations_iPad = "UIInterfaceOrientationPortrait UIInterfaceOrientationPortraitUpsideDown UIInterfaceOrientationLandscapeLeft UIInterfaceOrientationLandscapeRight";
				INFOPLIST_KEY_UISupportedInterfaceOrientations_iPhone = "UIInterfaceOrientationPortrait UIInterfaceOrientationLandscapeLeft UIInterfaceOrientationLandscapeRight";
				LD_RUNPATH_SEARCH_PATHS = (
					"$(inherited)",
					"@executable_path/Frameworks",
				);
				MARKETING_VERSION = 1.0;
				PRODUCT_BUNDLE_IDENTIFIER = com.team13.McEat;
				PRODUCT_NAME = "$(TARGET_NAME)";
				SWIFT_EMIT_LOC_STRINGS = YES;
				SWIFT_VERSION = 5.0;
				TARGETED_DEVICE_FAMILY = "1,2";
			};
			name = Debug;
		};
		7E8223B2282FD6B300B7B767 /* Release */ = {
			isa = XCBuildConfiguration;
			buildSettings = {
				ASSETCATALOG_COMPILER_APPICON_NAME = AppIcon;
				ASSETCATALOG_COMPILER_GLOBAL_ACCENT_COLOR_NAME = AccentColor;
				CODE_SIGN_STYLE = Automatic;
				CURRENT_PROJECT_VERSION = 1;
				DEVELOPMENT_ASSET_PATHS = "\"McEat/Preview Content\"";
				DEVELOPMENT_TEAM = 3F8C4P2T95;
				ENABLE_PREVIEWS = YES;
				GENERATE_INFOPLIST_FILE = YES;
				INFOPLIST_FILE = McEat/Info.plist;
				INFOPLIST_KEY_NSCameraUsageDescription = "we need to use the camera";
				INFOPLIST_KEY_NSPhotoLibraryUsageDescription = "we need to use library";
				INFOPLIST_KEY_UIApplicationSceneManifest_Generation = YES;
				INFOPLIST_KEY_UIApplicationSupportsIndirectInputEvents = YES;
				INFOPLIST_KEY_UILaunchScreen_Generation = YES;
				INFOPLIST_KEY_UISupportedInterfaceOrientations_iPad = "UIInterfaceOrientationPortrait UIInterfaceOrientationPortraitUpsideDown UIInterfaceOrientationLandscapeLeft UIInterfaceOrientationLandscapeRight";
				INFOPLIST_KEY_UISupportedInterfaceOrientations_iPhone = "UIInterfaceOrientationPortrait UIInterfaceOrientationLandscapeLeft UIInterfaceOrientationLandscapeRight";
				LD_RUNPATH_SEARCH_PATHS = (
					"$(inherited)",
					"@executable_path/Frameworks",
				);
				MARKETING_VERSION = 1.0;
				PRODUCT_BUNDLE_IDENTIFIER = com.team13.McEat;
				PRODUCT_NAME = "$(TARGET_NAME)";
				SWIFT_EMIT_LOC_STRINGS = YES;
				SWIFT_VERSION = 5.0;
				TARGETED_DEVICE_FAMILY = "1,2";
			};
			name = Release;
		};
/* End XCBuildConfiguration section */

/* Begin XCConfigurationList section */
		7E82239D282FD6B200B7B767 /* Build configuration list for PBXProject "McEat" */ = {
			isa = XCConfigurationList;
			buildConfigurations = (
				7E8223AE282FD6B300B7B767 /* Debug */,
				7E8223AF282FD6B300B7B767 /* Release */,
			);
			defaultConfigurationIsVisible = 0;
			defaultConfigurationName = Release;
		};
		7E8223B0282FD6B300B7B767 /* Build configuration list for PBXNativeTarget "McEat" */ = {
			isa = XCConfigurationList;
			buildConfigurations = (
				7E8223B1282FD6B300B7B767 /* Debug */,
				7E8223B2282FD6B300B7B767 /* Release */,
			);
			defaultConfigurationIsVisible = 0;
			defaultConfigurationName = Release;
		};
/* End XCConfigurationList section */
	};
	rootObject = 7E82239A282FD6B200B7B767 /* Project object */;
}
